{
  "pins" : [
    {
      "identity" : "hydraswiftextensions",
      "kind" : "remoteSourceControl",
      "location" : "https://github.com/Hydra-Design/HydraSwiftExtensions",
      "state" : {
        "branch" : "main",
        "revision" : "5398566f74b3b3d2de7f9d4f6072abd2c22f6ec2"
      }
    }
  ],
  "version" : 2
}
